
Microsoft Visual Studio Solution File, Format Version 12.00
# Visual Studio Version 16
VisualStudioVersion = 16.0.29709.97
MinimumVisualStudioVersion = 10.0.40219.1
Project("{FAE04EC0-301F-11D3-BF4B-00C04F79EFBC}") = "InvoiceTotal", "InvoiceTotal\InvoiceTotal.csproj", "{AEF1E011-FABF-4AAD-8B58-F2309E0AC753}"
EndProject
Global
	GlobalSection(SolutionConfigurationPlatforms) = preSolution
		Debug|Any CPU = Debug|Any CPU
		Release|Any CPU = Release|Any CPU
	EndGlobalSection
	GlobalSection(ProjectConfigurationPlatforms) = postSolution
		{AEF1E011-FABF-4AAD-8B58-F2309E0AC753}.Debug|Any CPU.ActiveCfg = Debug|Any CPU
		{AEF1E011-FABF-4AAD-8B58-F2309E0AC753}.Debug|Any CPU.Build.0 = Debug|Any CPU
		{AEF1E011-FABF-4AAD-8B58-F2309E0AC753}.Release|Any CPU.ActiveCfg = Release|Any CPU
		{AEF1E011-FABF-4AAD-8B58-F2309E0AC753}.Release|Any CPU.Build.0 = Release|Any CPU
	EndGlobalSection
	GlobalSection(SolutionProperties) = preSolution
		HideSolutionNode = FALSE
	EndGlobalSection
	GlobalSection(ExtensibilityGlobals) = postSolution
		SolutionGuid = {93C0D5C5-D9E7-4D57-B439-A94E431C4689}
	EndGlobalSection
EndGlobal
